
Microsoft Visual Studio Solution File, Format Version 12.00
# Visual Studio 15
VisualStudioVersion = 15.0.26730.15
MinimumVisualStudioVersion = 10.0.40219.1
Project("{FAE04EC0-301F-11D3-BF4B-00C04F79EFBC}") = "JenkinDotNetSample", "JenkinDotNetSample\JenkinDotNetSample.csproj", "{DE4A0424-491E-4561-8B4D-C9762689A670}"
EndProject
Global
	GlobalSection(SolutionConfigurationPlatforms) = preSolution
		Debug|Any CPU = Debug|Any CPU
		Release|Any CPU = Release|Any CPU
	EndGlobalSection
	GlobalSection(ProjectConfigurationPlatforms) = postSolution
		{DE4A0424-491E-4561-8B4D-C9762689A670}.Debug|Any CPU.ActiveCfg = Debug|Any CPU
		{DE4A0424-491E-4561-8B4D-C9762689A670}.Debug|Any CPU.Build.0 = Debug|Any CPU
		{DE4A0424-491E-4561-8B4D-C9762689A670}.Release|Any CPU.ActiveCfg = Release|Any CPU
		{DE4A0424-491E-4561-8B4D-C9762689A670}.Release|Any CPU.Build.0 = Release|Any CPU
	EndGlobalSection
	GlobalSection(SolutionProperties) = preSolution
		HideSolutionNode = FALSE
	EndGlobalSection
	GlobalSection(ExtensibilityGlobals) = postSolution
		SolutionGuid = {A6190CB7-7F59-4BD0-817A-F6735AD0AF31}
	EndGlobalSection
EndGlobal
